
Microsoft Visual Studio Solution File, Format Version 12.00
# Visual Studio Version 17
VisualStudioVersion = 17.0.31903.59
MinimumVisualStudioVersion = 10.0.40219.1
Project("{FAE04EC0-301F-11D3-BF4B-00C04F79EFBC}") = "tpot-links-mkII", "tpot-links-mkII\tpot-links-mkII.csproj", "{3A99A7E8-EB26-4413-A752-965D91D9AD30}"
EndProject
Project("{FAE04EC0-301F-11D3-BF4B-00C04F79EFBC}") = "tpot-links-seeder", "tpot-links-seeder\tpot-links-seeder.csproj", "{C6A2E31D-0414-461D-A83E-85C0B37DC75D}"
EndProject
Project("{FAE04EC0-301F-11D3-BF4B-00C04F79EFBC}") = "tpot-links-models", "tpot-links-models\tpot-links-models.csproj", "{80F3E0C0-5C32-427F-87E1-611755B63852}"
EndProject
Project("{FAE04EC0-301F-11D3-BF4B-00C04F79EFBC}") = "tpot-links-services", "tpot-links-services\tpot-links-services.csproj", "{055FE8BA-C8C8-41F4-9046-90F854577485}"
EndProject
Project("{FAE04EC0-301F-11D3-BF4B-00C04F79EFBC}") = "codemechanic-airtable", "codemechanic-airtable\codemechanic-airtable.csproj", "{8F5025DA-6C3E-4A07-B99C-11F629002D6A}"
EndProject
Global
	GlobalSection(SolutionConfigurationPlatforms) = preSolution
		Debug|Any CPU = Debug|Any CPU
		Release|Any CPU = Release|Any CPU
	EndGlobalSection
	GlobalSection(SolutionProperties) = preSolution
		HideSolutionNode = FALSE
	EndGlobalSection
	GlobalSection(ProjectConfigurationPlatforms) = postSolution
		{3A99A7E8-EB26-4413-A752-965D91D9AD30}.Debug|Any CPU.ActiveCfg = Debug|Any CPU
		{3A99A7E8-EB26-4413-A752-965D91D9AD30}.Debug|Any CPU.Build.0 = Debug|Any CPU
		{3A99A7E8-EB26-4413-A752-965D91D9AD30}.Release|Any CPU.ActiveCfg = Release|Any CPU
		{3A99A7E8-EB26-4413-A752-965D91D9AD30}.Release|Any CPU.Build.0 = Release|Any CPU
		{C6A2E31D-0414-461D-A83E-85C0B37DC75D}.Debug|Any CPU.ActiveCfg = Debug|Any CPU
		{C6A2E31D-0414-461D-A83E-85C0B37DC75D}.Debug|Any CPU.Build.0 = Debug|Any CPU
		{C6A2E31D-0414-461D-A83E-85C0B37DC75D}.Release|Any CPU.ActiveCfg = Release|Any CPU
		{C6A2E31D-0414-461D-A83E-85C0B37DC75D}.Release|Any CPU.Build.0 = Release|Any CPU
		{80F3E0C0-5C32-427F-87E1-611755B63852}.Debug|Any CPU.ActiveCfg = Debug|Any CPU
		{80F3E0C0-5C32-427F-87E1-611755B63852}.Debug|Any CPU.Build.0 = Debug|Any CPU
		{80F3E0C0-5C32-427F-87E1-611755B63852}.Release|Any CPU.ActiveCfg = Release|Any CPU
		{80F3E0C0-5C32-427F-87E1-611755B63852}.Release|Any CPU.Build.0 = Release|Any CPU
		{055FE8BA-C8C8-41F4-9046-90F854577485}.Debug|Any CPU.ActiveCfg = Debug|Any CPU
		{055FE8BA-C8C8-41F4-9046-90F854577485}.Debug|Any CPU.Build.0 = Debug|Any CPU
		{055FE8BA-C8C8-41F4-9046-90F854577485}.Release|Any CPU.ActiveCfg = Release|Any CPU
		{055FE8BA-C8C8-41F4-9046-90F854577485}.Release|Any CPU.Build.0 = Release|Any CPU
		{8F5025DA-6C3E-4A07-B99C-11F629002D6A}.Debug|Any CPU.ActiveCfg = Debug|Any CPU
		{8F5025DA-6C3E-4A07-B99C-11F629002D6A}.Debug|Any CPU.Build.0 = Debug|Any CPU
		{8F5025DA-6C3E-4A07-B99C-11F629002D6A}.Release|Any CPU.ActiveCfg = Release|Any CPU
		{8F5025DA-6C3E-4A07-B99C-11F629002D6A}.Release|Any CPU.Build.0 = Release|Any CPU
	EndGlobalSection
EndGlobal
